
Microsoft Visual Studio Solution File, Format Version 12.00
# Visual Studio Version 16
VisualStudioVersion = 16.0.29806.167
MinimumVisualStudioVersion = 10.0.40219.1
Project("{8BC9CEB8-8B4A-11D0-8D11-00A0C91BC942}") = "3.4.4", "3.4.4\3.4.4.vcxproj", "{18F837E3-F136-403B-B72F-55AD887F6610}"
EndProject
Global
	GlobalSection(SolutionConfigurationPlatforms) = preSolution
		Debug|x64 = Debug|x64
		Debug|x86 = Debug|x86
		Release|x64 = Release|x64
		Release|x86 = Release|x86
	EndGlobalSection
	GlobalSection(ProjectConfigurationPlatforms) = postSolution
		{18F837E3-F136-403B-B72F-55AD887F6610}.Debug|x64.ActiveCfg = Debug|x64
		{18F837E3-F136-403B-B72F-55AD887F6610}.Debug|x64.Build.0 = Debug|x64
		{18F837E3-F136-403B-B72F-55AD887F6610}.Debug|x86.ActiveCfg = Debug|Win32
		{18F837E3-F136-403B-B72F-55AD887F6610}.Debug|x86.Build.0 = Debug|Win32
		{18F837E3-F136-403B-B72F-55AD887F6610}.Release|x64.ActiveCfg = Release|x64
		{18F837E3-F136-403B-B72F-55AD887F6610}.Release|x64.Build.0 = Release|x64
		{18F837E3-F136-403B-B72F-55AD887F6610}.Release|x86.ActiveCfg = Release|Win32
		{18F837E3-F136-403B-B72F-55AD887F6610}.Release|x86.Build.0 = Release|Win32
	EndGlobalSection
	GlobalSection(SolutionProperties) = preSolution
		HideSolutionNode = FALSE
	EndGlobalSection
	GlobalSection(ExtensibilityGlobals) = postSolution
		SolutionGuid = {48CDFE58-C7C6-4DCE-9AF3-EF7AD98D8B45}
	EndGlobalSection
EndGlobal
