
Microsoft Visual Studio Solution File, Format Version 12.00
# Visual Studio 15
VisualStudioVersion = 15.0.28307.902
MinimumVisualStudioVersion = 10.0.40219.1
Project("{8BC9CEB8-8B4A-11D0-8D11-00A0C91BC942}") = "Work5.3", "Work5.3\Work5.3.vcxproj", "{6FBDEA91-AACF-49FB-99D1-C3BDBEC00B0E}"
EndProject
Global
	GlobalSection(SolutionConfigurationPlatforms) = preSolution
		Debug|x64 = Debug|x64
		Debug|x86 = Debug|x86
		Release|x64 = Release|x64
		Release|x86 = Release|x86
	EndGlobalSection
	GlobalSection(ProjectConfigurationPlatforms) = postSolution
		{6FBDEA91-AACF-49FB-99D1-C3BDBEC00B0E}.Debug|x64.ActiveCfg = Debug|x64
		{6FBDEA91-AACF-49FB-99D1-C3BDBEC00B0E}.Debug|x64.Build.0 = Debug|x64
		{6FBDEA91-AACF-49FB-99D1-C3BDBEC00B0E}.Debug|x86.ActiveCfg = Debug|Win32
		{6FBDEA91-AACF-49FB-99D1-C3BDBEC00B0E}.Debug|x86.Build.0 = Debug|Win32
		{6FBDEA91-AACF-49FB-99D1-C3BDBEC00B0E}.Release|x64.ActiveCfg = Release|x64
		{6FBDEA91-AACF-49FB-99D1-C3BDBEC00B0E}.Release|x64.Build.0 = Release|x64
		{6FBDEA91-AACF-49FB-99D1-C3BDBEC00B0E}.Release|x86.ActiveCfg = Release|Win32
		{6FBDEA91-AACF-49FB-99D1-C3BDBEC00B0E}.Release|x86.Build.0 = Release|Win32
	EndGlobalSection
	GlobalSection(SolutionProperties) = preSolution
		HideSolutionNode = FALSE
	EndGlobalSection
	GlobalSection(ExtensibilityGlobals) = postSolution
		SolutionGuid = {8E4A5E90-A04B-4412-9056-612D03C09545}
	EndGlobalSection
EndGlobal
